
Microsoft Visual Studio Solution File, Format Version 12.00
# Visual Studio Version 16
VisualStudioVersion = 16.0.29905.134
MinimumVisualStudioVersion = 10.0.40219.1
Project("{FAE04EC0-301F-11D3-BF4B-00C04F79EFBC}") = "Tetris_Ssd1309", "Tetris\Tetris_Ssd1309.csproj", "{9DFF03A4-D0BF-47FD-BB44-25B09D81E948}"
EndProject
Project("{FAE04EC0-301F-11D3-BF4B-00C04F79EFBC}") = "Tetris_Max7219", "Tetris_Max7219\Tetris_Max7219.csproj", "{5DFA73B6-5EFB-4779-B851-A1718CB5EEE2}"
EndProject
Global
	GlobalSection(SolutionConfigurationPlatforms) = preSolution
		Debug|Any CPU = Debug|Any CPU
		Release|Any CPU = Release|Any CPU
	EndGlobalSection
	GlobalSection(ProjectConfigurationPlatforms) = postSolution
		{9DFF03A4-D0BF-47FD-BB44-25B09D81E948}.Debug|Any CPU.ActiveCfg = Debug|Any CPU
		{9DFF03A4-D0BF-47FD-BB44-25B09D81E948}.Debug|Any CPU.Build.0 = Debug|Any CPU
		{9DFF03A4-D0BF-47FD-BB44-25B09D81E948}.Debug|Any CPU.Deploy.0 = Debug|Any CPU
		{9DFF03A4-D0BF-47FD-BB44-25B09D81E948}.Release|Any CPU.ActiveCfg = Release|Any CPU
		{9DFF03A4-D0BF-47FD-BB44-25B09D81E948}.Release|Any CPU.Build.0 = Release|Any CPU
		{9DFF03A4-D0BF-47FD-BB44-25B09D81E948}.Release|Any CPU.Deploy.0 = Release|Any CPU
		{5DFA73B6-5EFB-4779-B851-A1718CB5EEE2}.Debug|Any CPU.ActiveCfg = Debug|Any CPU
		{5DFA73B6-5EFB-4779-B851-A1718CB5EEE2}.Debug|Any CPU.Build.0 = Debug|Any CPU
		{5DFA73B6-5EFB-4779-B851-A1718CB5EEE2}.Release|Any CPU.ActiveCfg = Release|Any CPU
		{5DFA73B6-5EFB-4779-B851-A1718CB5EEE2}.Release|Any CPU.Build.0 = Release|Any CPU
	EndGlobalSection
	GlobalSection(SolutionProperties) = preSolution
		HideSolutionNode = FALSE
	EndGlobalSection
	GlobalSection(ExtensibilityGlobals) = postSolution
		SolutionGuid = {16047A1B-E73E-49B6-9173-9CC75C2618E5}
	EndGlobalSection
EndGlobal
