
Microsoft Visual Studio Solution File, Format Version 12.00
# Visual Studio Version 17
VisualStudioVersion = 17.0.32014.148
MinimumVisualStudioVersion = 10.0.40219.1
Project("{FAE04EC0-301F-11D3-BF4B-00C04F79EFBC}") = "MeadowAzureIoTHub", "MeadowAzure\MeadowAzureIoTHub.csproj", "{FEB75946-9100-4EA0-9BBB-E7E5C798970E}"
EndProject
Global
	GlobalSection(SolutionConfigurationPlatforms) = preSolution
		Debug|Any CPU = Debug|Any CPU
		Release|Any CPU = Release|Any CPU
	EndGlobalSection
	GlobalSection(ProjectConfigurationPlatforms) = postSolution
		{FEB75946-9100-4EA0-9BBB-E7E5C798970E}.Debug|Any CPU.ActiveCfg = Debug|Any CPU
		{FEB75946-9100-4EA0-9BBB-E7E5C798970E}.Debug|Any CPU.Build.0 = Debug|Any CPU
		{FEB75946-9100-4EA0-9BBB-E7E5C798970E}.Debug|Any CPU.Deploy.0 = Debug|Any CPU
		{FEB75946-9100-4EA0-9BBB-E7E5C798970E}.Release|Any CPU.ActiveCfg = Release|Any CPU
		{FEB75946-9100-4EA0-9BBB-E7E5C798970E}.Release|Any CPU.Build.0 = Release|Any CPU
		{FEB75946-9100-4EA0-9BBB-E7E5C798970E}.Release|Any CPU.Deploy.0 = Release|Any CPU
	EndGlobalSection
	GlobalSection(SolutionProperties) = preSolution
		HideSolutionNode = FALSE
	EndGlobalSection
	GlobalSection(ExtensibilityGlobals) = postSolution
		SolutionGuid = {42A1BF97-1334-43E2-8E49-AA746CEDD6D1}
	EndGlobalSection
EndGlobal
