
Microsoft Visual Studio Solution File, Format Version 12.00
# Visual Studio Version 16
VisualStudioVersion = 16.0.29920.165
MinimumVisualStudioVersion = 10.0.40219.1
Project("{FAE04EC0-301F-11D3-BF4B-00C04F79EFBC}") = "Displays.GraphicsLibrary", "Displays.GraphicsLibrary\Displays.GraphicsLibrary.csproj", "{85AE27DA-C3EC-4EA7-A9BC-85C6805D5620}"
EndProject
Project("{FAE04EC0-301F-11D3-BF4B-00C04F79EFBC}") = "Displays.Ssd1306", "Displays.Ssd1306\Displays.Ssd1306.csproj", "{64D25058-F975-4A19-BE38-9F0EA05D67B9}"
EndProject
Project("{FAE04EC0-301F-11D3-BF4B-00C04F79EFBC}") = "Span4_ST7789", "Span4_ST7789\Span4_ST7789.csproj", "{77D25DCE-E3DC-4A4F-9FBA-107B3E3F31A9}"
EndProject
Project("{2150E333-8FDC-42A3-9474-1A3956D46DE8}") = "Divers", "Divers", "{8D9A7E58-BAF1-4409-96BE-DE257E7E4AE7}"
EndProject
Project("{FAE04EC0-301F-11D3-BF4B-00C04F79EFBC}") = "Span4_SSD1309", "Span4_SSD1309\Span4_SSD1309.csproj", "{D2F50989-8FA4-4411-85B3-4C0B391E5354}"
EndProject
Project("{FAE04EC0-301F-11D3-BF4B-00C04F79EFBC}") = "Displays.TftSpi", "Displays.TftSpi\Displays.TftSpi.csproj", "{77500F9D-DA63-4802-8BE0-498908E64042}"
EndProject
Global
	GlobalSection(SolutionConfigurationPlatforms) = preSolution
		Debug|Any CPU = Debug|Any CPU
		Release|Any CPU = Release|Any CPU
	EndGlobalSection
	GlobalSection(ProjectConfigurationPlatforms) = postSolution
		{85AE27DA-C3EC-4EA7-A9BC-85C6805D5620}.Debug|Any CPU.ActiveCfg = Debug|Any CPU
		{85AE27DA-C3EC-4EA7-A9BC-85C6805D5620}.Debug|Any CPU.Build.0 = Debug|Any CPU
		{85AE27DA-C3EC-4EA7-A9BC-85C6805D5620}.Release|Any CPU.ActiveCfg = Release|Any CPU
		{85AE27DA-C3EC-4EA7-A9BC-85C6805D5620}.Release|Any CPU.Build.0 = Release|Any CPU
		{64D25058-F975-4A19-BE38-9F0EA05D67B9}.Debug|Any CPU.ActiveCfg = Debug|Any CPU
		{64D25058-F975-4A19-BE38-9F0EA05D67B9}.Debug|Any CPU.Build.0 = Debug|Any CPU
		{64D25058-F975-4A19-BE38-9F0EA05D67B9}.Release|Any CPU.ActiveCfg = Release|Any CPU
		{64D25058-F975-4A19-BE38-9F0EA05D67B9}.Release|Any CPU.Build.0 = Release|Any CPU
		{77D25DCE-E3DC-4A4F-9FBA-107B3E3F31A9}.Debug|Any CPU.ActiveCfg = Debug|Any CPU
		{77D25DCE-E3DC-4A4F-9FBA-107B3E3F31A9}.Debug|Any CPU.Build.0 = Debug|Any CPU
		{77D25DCE-E3DC-4A4F-9FBA-107B3E3F31A9}.Release|Any CPU.ActiveCfg = Release|Any CPU
		{77D25DCE-E3DC-4A4F-9FBA-107B3E3F31A9}.Release|Any CPU.Build.0 = Release|Any CPU
		{D2F50989-8FA4-4411-85B3-4C0B391E5354}.Debug|Any CPU.ActiveCfg = Debug|Any CPU
		{D2F50989-8FA4-4411-85B3-4C0B391E5354}.Debug|Any CPU.Build.0 = Debug|Any CPU
		{D2F50989-8FA4-4411-85B3-4C0B391E5354}.Release|Any CPU.ActiveCfg = Release|Any CPU
		{D2F50989-8FA4-4411-85B3-4C0B391E5354}.Release|Any CPU.Build.0 = Release|Any CPU
		{77500F9D-DA63-4802-8BE0-498908E64042}.Debug|Any CPU.ActiveCfg = Debug|Any CPU
		{77500F9D-DA63-4802-8BE0-498908E64042}.Debug|Any CPU.Build.0 = Debug|Any CPU
		{77500F9D-DA63-4802-8BE0-498908E64042}.Release|Any CPU.ActiveCfg = Release|Any CPU
		{77500F9D-DA63-4802-8BE0-498908E64042}.Release|Any CPU.Build.0 = Release|Any CPU
	EndGlobalSection
	GlobalSection(SolutionProperties) = preSolution
		HideSolutionNode = FALSE
	EndGlobalSection
	GlobalSection(ExtensibilityGlobals) = postSolution
		SolutionGuid = {563FD74D-A6D4-49E9-BFF3-A689888F7A61}
	EndGlobalSection
	GlobalSection(NestedProjects) = preSolution
		{64D25058-F975-4A19-BE38-9F0EA05D67B9} = {8D9A7E58-BAF1-4409-96BE-DE257E7E4AE7}
		{85AE27DA-C3EC-4EA7-A9BC-85C6805D5620} = {8D9A7E58-BAF1-4409-96BE-DE257E7E4AE7}
		{77500F9D-DA63-4802-8BE0-498908E64042} = {8D9A7E58-BAF1-4409-96BE-DE257E7E4AE7}
	EndGlobalSection
EndGlobal
