
Microsoft Visual Studio Solution File, Format Version 12.00
# Visual Studio Version 16
VisualStudioVersion = 16.0.30204.135
MinimumVisualStudioVersion = 10.0.40219.1
Project("{FAE04EC0-301F-11D3-BF4B-00C04F79EFBC}") = "Frogger", "Frogger\Frogger.csproj", "{9FA1667B-01B3-4150-8690-77391DEE7368}"
EndProject
Global
	GlobalSection(SolutionConfigurationPlatforms) = preSolution
		Debug|Any CPU = Debug|Any CPU
		Release|Any CPU = Release|Any CPU
	EndGlobalSection
	GlobalSection(ProjectConfigurationPlatforms) = postSolution
		{9FA1667B-01B3-4150-8690-77391DEE7368}.Debug|Any CPU.ActiveCfg = Debug|Any CPU
		{9FA1667B-01B3-4150-8690-77391DEE7368}.Debug|Any CPU.Build.0 = Debug|Any CPU
		{9FA1667B-01B3-4150-8690-77391DEE7368}.Debug|Any CPU.Deploy.0 = Debug|Any CPU
		{9FA1667B-01B3-4150-8690-77391DEE7368}.Release|Any CPU.ActiveCfg = Release|Any CPU
		{9FA1667B-01B3-4150-8690-77391DEE7368}.Release|Any CPU.Build.0 = Release|Any CPU
		{9FA1667B-01B3-4150-8690-77391DEE7368}.Release|Any CPU.Deploy.0 = Release|Any CPU
	EndGlobalSection
	GlobalSection(SolutionProperties) = preSolution
		HideSolutionNode = FALSE
	EndGlobalSection
	GlobalSection(ExtensibilityGlobals) = postSolution
		SolutionGuid = {E41DA874-07B9-47A0-8752-9CE6CDE75EC1}
	EndGlobalSection
EndGlobal
