
Microsoft Visual Studio Solution File, Format Version 12.00
# Visual Studio Version 16
VisualStudioVersion = 16.0.810.14
MinimumVisualStudioVersion = 10.0.40219.1
Project("{FAE04EC0-301F-11D3-BF4B-00C04F79EFBC}") = "BleRover.Client.iOS", "BleRover.Client.iOS.csproj", "{2ED50F88-B61B-4F66-8325-8C8C9EE41FF8}"
EndProject
Project("{FAE04EC0-301F-11D3-BF4B-00C04F79EFBC}") = "BleRover.Client", "..\BleRover.Client\BleRover.Client.csproj", "{B5DEDEE1-9AE7-458A-8746-255B6661B240}"
EndProject
Global
	GlobalSection(SolutionConfigurationPlatforms) = preSolution
		Debug|iPhoneSimulator = Debug|iPhoneSimulator
		Release|iPhoneSimulator = Release|iPhoneSimulator
		Debug|iPhone = Debug|iPhone
		Release|iPhone = Release|iPhone
	EndGlobalSection
	GlobalSection(ProjectConfigurationPlatforms) = postSolution
		{2ED50F88-B61B-4F66-8325-8C8C9EE41FF8}.Debug|iPhoneSimulator.ActiveCfg = Debug|iPhoneSimulator
		{2ED50F88-B61B-4F66-8325-8C8C9EE41FF8}.Debug|iPhoneSimulator.Build.0 = Debug|iPhoneSimulator
		{2ED50F88-B61B-4F66-8325-8C8C9EE41FF8}.Release|iPhoneSimulator.ActiveCfg = Release|iPhoneSimulator
		{2ED50F88-B61B-4F66-8325-8C8C9EE41FF8}.Release|iPhoneSimulator.Build.0 = Release|iPhoneSimulator
		{2ED50F88-B61B-4F66-8325-8C8C9EE41FF8}.Debug|iPhone.ActiveCfg = Debug|iPhone
		{2ED50F88-B61B-4F66-8325-8C8C9EE41FF8}.Debug|iPhone.Build.0 = Debug|iPhone
		{2ED50F88-B61B-4F66-8325-8C8C9EE41FF8}.Release|iPhone.ActiveCfg = Release|iPhone
		{2ED50F88-B61B-4F66-8325-8C8C9EE41FF8}.Release|iPhone.Build.0 = Release|iPhone
		{B5DEDEE1-9AE7-458A-8746-255B6661B240}.Debug|iPhoneSimulator.ActiveCfg = Debug|Any CPU
		{B5DEDEE1-9AE7-458A-8746-255B6661B240}.Debug|iPhoneSimulator.Build.0 = Debug|Any CPU
		{B5DEDEE1-9AE7-458A-8746-255B6661B240}.Release|iPhoneSimulator.ActiveCfg = Release|Any CPU
		{B5DEDEE1-9AE7-458A-8746-255B6661B240}.Release|iPhoneSimulator.Build.0 = Release|Any CPU
		{B5DEDEE1-9AE7-458A-8746-255B6661B240}.Debug|iPhone.ActiveCfg = Debug|Any CPU
		{B5DEDEE1-9AE7-458A-8746-255B6661B240}.Debug|iPhone.Build.0 = Debug|Any CPU
		{B5DEDEE1-9AE7-458A-8746-255B6661B240}.Release|iPhone.ActiveCfg = Release|Any CPU
		{B5DEDEE1-9AE7-458A-8746-255B6661B240}.Release|iPhone.Build.0 = Release|Any CPU
	EndGlobalSection
	GlobalSection(SolutionProperties) = preSolution
		HideSolutionNode = FALSE
	EndGlobalSection
	GlobalSection(ExtensibilityGlobals) = postSolution
		SolutionGuid = {A4986902-3ACE-43BB-BEE3-2909803B2492}
	EndGlobalSection
EndGlobal
