
Microsoft Visual Studio Solution File, Format Version 12.00
# Visual Studio Version 16
VisualStudioVersion = 16.0.30114.105
MinimumVisualStudioVersion = 10.0.40219.1
Project("{2150E333-8FDC-42A3-9474-1A3956D46DE8}") = "Games", "Games", "{CAC64CB0-E038-4186-AC6D-DAEF4242C87B}"
EndProject
Project("{9A19103F-16F7-4668-BE54-9A1E7A4F7556}") = "Tetris_Ssd1309", "Games\Tetris\Tetris\Tetris_Ssd1309.csproj", "{66F92205-B37D-490C-9682-CE84DBB878A6}"
EndProject
Project("{9A19103F-16F7-4668-BE54-9A1E7A4F7556}") = "Tetris_Max7219", "Games\Tetris\Tetris_Max7219\Tetris_Max7219.csproj", "{3EC61240-7931-4EE8-BD26-B648FB6FBD6D}"
EndProject
Project("{9A19103F-16F7-4668-BE54-9A1E7A4F7556}") = "Frogger", "Games\Frogger\Frogger\Frogger.csproj", "{F9B78A39-B1C8-4DA7-9112-579AEF49AA08}"
EndProject
Project("{9A19103F-16F7-4668-BE54-9A1E7A4F7556}") = "Span4_Ssd1309", "Games\Span4\Span4_SSD1309\Span4_Ssd1309.csproj", "{9580DA02-EFAD-4081-B60E-8A200B248BC1}"
EndProject
Project("{9A19103F-16F7-4668-BE54-9A1E7A4F7556}") = "Span4_St7789", "Games\Span4\Span4_ST7789\Span4_St7789.csproj", "{150FDA72-763C-4E67-A4C3-21B024F9F705}"
EndProject
Project("{9A19103F-16F7-4668-BE54-9A1E7A4F7556}") = "HelloMeadowFoundation", "DevCamp 2020\HelloMeadowFoundation - DevCamp2020\MF\HelloMeadowFoundation.csproj", "{C4242722-9E0C-4384-8EF9-836829A9B947}"
EndProject
Project("{2150E333-8FDC-42A3-9474-1A3956D46DE8}") = "DevCamp 2020", "DevCamp 2020", "{E50DAA90-F76D-49B6-8AE2-94DB79589AB5}"
EndProject
Project("{2150E333-8FDC-42A3-9474-1A3956D46DE8}") = "Hackster", "Hackster", "{B1C3E8F8-3B6A-435A-A93A-0F6EC9ECCFAF}"
EndProject
Project("{9A19103F-16F7-4668-BE54-9A1E7A4F7556}") = "Simon", "Hackster\Simon\Simon.csproj", "{24A91C74-CDB2-4862-B2BC-056FEBFD918A}"
EndProject
Project("{9A19103F-16F7-4668-BE54-9A1E7A4F7556}") = "ChristmasCountdown", "Hackster\ChristmasCountdown\ChristmasCountdown.csproj", "{18BD66B7-E176-406C-833B-D4B9AE77974E}"
EndProject
Project("{9A19103F-16F7-4668-BE54-9A1E7A4F7556}") = "EdgeASketch", "Hackster\EdgeASketch\EdgeASketch.csproj", "{4202AFFA-A382-4949-89BE-D485BF773577}"
EndProject
Project("{9A19103F-16F7-4668-BE54-9A1E7A4F7556}") = "GalleryViewer", "Hackster\GalleryViewer\GalleryViewer.csproj", "{668DB628-21FE-4550-B528-A476ACA9A868}"
EndProject
Project("{9A19103F-16F7-4668-BE54-9A1E7A4F7556}") = "LedCar", "Hackster\LedCar\LedCar.csproj", "{212C5E60-9749-42ED-8965-EDCFCAD0D90B}"
EndProject
Project("{9A19103F-16F7-4668-BE54-9A1E7A4F7556}") = "LedDice", "Hackster\LedDice\LedDice.csproj", "{399C73DE-07B2-4C03-9580-9C9FD2C6BBFD}"
EndProject
Project("{9A19103F-16F7-4668-BE54-9A1E7A4F7556}") = "LedJoystick", "Hackster\LedJoystick\LedJoystick.csproj", "{34DF66B4-E462-4BB9-9C9B-BA062A1A4485}"
EndProject
Project("{9A19103F-16F7-4668-BE54-9A1E7A4F7556}") = "McpLeds", "Hackster\McpLeds\McpLeds.csproj", "{070DCAD5-4235-4ED0-BEE1-4D26A1D08D19}"
EndProject
Project("{9A19103F-16F7-4668-BE54-9A1E7A4F7556}") = "MeadowClock", "Hackster\MeadowClock\MeadowClock.csproj", "{3CB79750-D996-4420-94CD-500CA66F85BC}"
EndProject
Project("{9A19103F-16F7-4668-BE54-9A1E7A4F7556}") = "MeadowClockGraphics", "Hackster\MeadowClockGraphics\MeadowClockGraphics.csproj", "{405A7D5E-0A8A-4691-8450-AAC47FBE0BEC}"
EndProject
Project("{9A19103F-16F7-4668-BE54-9A1E7A4F7556}") = "MemoryGame", "Hackster\MemoryGame\MemoryGame.csproj", "{BD4B2D82-4418-4740-8CCE-5090D5750B54}"
EndProject
Project("{9A19103F-16F7-4668-BE54-9A1E7A4F7556}") = "MoistureMeter", "Hackster\MoistureMeter\MoistureMeter.csproj", "{43B4C4F1-7708-4810-AB12-B6FA58BDFC38}"
EndProject
Project("{9A19103F-16F7-4668-BE54-9A1E7A4F7556}") = "RadioPlayer", "Hackster\RadioPlayer\RadioPlayer.csproj", "{5D7E5456-DAB7-42C1-8D7C-7C78D2452E1A}"
EndProject
Project("{9A19103F-16F7-4668-BE54-9A1E7A4F7556}") = "RotaryLedBar", "Hackster\RotaryLedBar\RotaryLedBar.csproj", "{74CD706C-0C37-4903-83F1-305BFB840182}"
EndProject
Project("{9A19103F-16F7-4668-BE54-9A1E7A4F7556}") = "RotarySketch", "Hackster\RotarySketch\RotarySketch.csproj", "{D57EE697-9AB7-4968-B84E-5F7511EF9DF8}"
EndProject
Project("{9A19103F-16F7-4668-BE54-9A1E7A4F7556}") = "RotationDetector", "Hackster\RotationDetector\RotationDetector.csproj", "{AF93C4B4-6464-4554-9484-23973EF89D3F}"
EndProject
Project("{9A19103F-16F7-4668-BE54-9A1E7A4F7556}") = "ServoButton", "Hackster\ServoButton\ServoButton.csproj", "{3E4592EF-969F-4E86-90FC-11B1E131D5D4}"
EndProject
Project("{9A19103F-16F7-4668-BE54-9A1E7A4F7556}") = "ShiftRegisterLeds", "Hackster\ShiftRegisterLeds\ShiftRegisterLeds.csproj", "{7CAED205-4DD5-49FE-BFC8-581091D0027C}"
EndProject
Project("{9A19103F-16F7-4668-BE54-9A1E7A4F7556}") = "TemperatureMonitor", "Hackster\TemperatureMonitor\TemperatureMonitor.csproj", "{9A5463A1-8F2C-4D11-9ED2-4E67AEF683B0}"
EndProject
Project("{9A19103F-16F7-4668-BE54-9A1E7A4F7556}") = "PlantMonitor", "Hackster\PlantMonitor\PlantMonitor.csproj", "{08F79ED3-6973-4A5A-AF25-F59F126195E7}"
EndProject
Project("{9A19103F-16F7-4668-BE54-9A1E7A4F7556}") = "RotaryServo", "Hackster\RotaryServo\RotaryServo.csproj", "{358E1D22-EA8E-488B-A70C-8C641D56A01A}"
EndProject
Project("{9A19103F-16F7-4668-BE54-9A1E7A4F7556}") = "TouchKeypad", "Hackster\TouchKeypad\TouchKeypad.csproj", "{96801F32-B504-446B-9CE8-8524254BE1E5}"
EndProject
Project("{9A19103F-16F7-4668-BE54-9A1E7A4F7556}") = "McpLedBarGraph", "Hackster\McpLedBarGraph\McpLedBarGraph.csproj", "{B3401737-CA2B-4F3E-A378-FE0AB9365319}"
EndProject
Project("{9A19103F-16F7-4668-BE54-9A1E7A4F7556}") = "ObstacleRadar", "Hackster\ObstacleRadar\ObstacleRadar.csproj", "{AD7D599C-7A11-4B9B-941D-AF7B857996EE}"
EndProject
Project("{FAE04EC0-301F-11D3-BF4B-00C04F79EFBC}") = "MotionDetector", "Hackster\MotionDetector\MotionDetector.csproj", "{F0899D5A-F618-4A36-AAE8-D859118C9E70}"
EndProject
Global
	GlobalSection(SolutionConfigurationPlatforms) = preSolution
		Debug|Any CPU = Debug|Any CPU
		Release|Any CPU = Release|Any CPU
	EndGlobalSection
	GlobalSection(ProjectConfigurationPlatforms) = postSolution
		{66F92205-B37D-490C-9682-CE84DBB878A6}.Debug|Any CPU.ActiveCfg = Debug|Any CPU
		{66F92205-B37D-490C-9682-CE84DBB878A6}.Debug|Any CPU.Build.0 = Debug|Any CPU
		{66F92205-B37D-490C-9682-CE84DBB878A6}.Debug|Any CPU.Deploy.0 = Debug|Any CPU
		{66F92205-B37D-490C-9682-CE84DBB878A6}.Release|Any CPU.ActiveCfg = Release|Any CPU
		{66F92205-B37D-490C-9682-CE84DBB878A6}.Release|Any CPU.Build.0 = Release|Any CPU
		{66F92205-B37D-490C-9682-CE84DBB878A6}.Release|Any CPU.Deploy.0 = Release|Any CPU
		{3EC61240-7931-4EE8-BD26-B648FB6FBD6D}.Debug|Any CPU.ActiveCfg = Debug|Any CPU
		{3EC61240-7931-4EE8-BD26-B648FB6FBD6D}.Debug|Any CPU.Build.0 = Debug|Any CPU
		{3EC61240-7931-4EE8-BD26-B648FB6FBD6D}.Debug|Any CPU.Deploy.0 = Debug|Any CPU
		{3EC61240-7931-4EE8-BD26-B648FB6FBD6D}.Release|Any CPU.ActiveCfg = Release|Any CPU
		{3EC61240-7931-4EE8-BD26-B648FB6FBD6D}.Release|Any CPU.Build.0 = Release|Any CPU
		{3EC61240-7931-4EE8-BD26-B648FB6FBD6D}.Release|Any CPU.Deploy.0 = Release|Any CPU
		{F9B78A39-B1C8-4DA7-9112-579AEF49AA08}.Debug|Any CPU.ActiveCfg = Debug|Any CPU
		{F9B78A39-B1C8-4DA7-9112-579AEF49AA08}.Debug|Any CPU.Build.0 = Debug|Any CPU
		{F9B78A39-B1C8-4DA7-9112-579AEF49AA08}.Debug|Any CPU.Deploy.0 = Debug|Any CPU
		{F9B78A39-B1C8-4DA7-9112-579AEF49AA08}.Release|Any CPU.ActiveCfg = Release|Any CPU
		{F9B78A39-B1C8-4DA7-9112-579AEF49AA08}.Release|Any CPU.Build.0 = Release|Any CPU
		{F9B78A39-B1C8-4DA7-9112-579AEF49AA08}.Release|Any CPU.Deploy.0 = Release|Any CPU
		{9580DA02-EFAD-4081-B60E-8A200B248BC1}.Debug|Any CPU.ActiveCfg = Debug|Any CPU
		{9580DA02-EFAD-4081-B60E-8A200B248BC1}.Debug|Any CPU.Build.0 = Debug|Any CPU
		{9580DA02-EFAD-4081-B60E-8A200B248BC1}.Debug|Any CPU.Deploy.0 = Debug|Any CPU
		{9580DA02-EFAD-4081-B60E-8A200B248BC1}.Release|Any CPU.ActiveCfg = Release|Any CPU
		{9580DA02-EFAD-4081-B60E-8A200B248BC1}.Release|Any CPU.Build.0 = Release|Any CPU
		{9580DA02-EFAD-4081-B60E-8A200B248BC1}.Release|Any CPU.Deploy.0 = Release|Any CPU
		{150FDA72-763C-4E67-A4C3-21B024F9F705}.Debug|Any CPU.ActiveCfg = Debug|Any CPU
		{150FDA72-763C-4E67-A4C3-21B024F9F705}.Debug|Any CPU.Build.0 = Debug|Any CPU
		{150FDA72-763C-4E67-A4C3-21B024F9F705}.Debug|Any CPU.Deploy.0 = Debug|Any CPU
		{150FDA72-763C-4E67-A4C3-21B024F9F705}.Release|Any CPU.ActiveCfg = Release|Any CPU
		{150FDA72-763C-4E67-A4C3-21B024F9F705}.Release|Any CPU.Build.0 = Release|Any CPU
		{150FDA72-763C-4E67-A4C3-21B024F9F705}.Release|Any CPU.Deploy.0 = Release|Any CPU
		{C4242722-9E0C-4384-8EF9-836829A9B947}.Debug|Any CPU.ActiveCfg = Debug|Any CPU
		{C4242722-9E0C-4384-8EF9-836829A9B947}.Debug|Any CPU.Build.0 = Debug|Any CPU
		{C4242722-9E0C-4384-8EF9-836829A9B947}.Debug|Any CPU.Deploy.0 = Debug|Any CPU
		{C4242722-9E0C-4384-8EF9-836829A9B947}.Release|Any CPU.ActiveCfg = Release|Any CPU
		{C4242722-9E0C-4384-8EF9-836829A9B947}.Release|Any CPU.Build.0 = Release|Any CPU
		{C4242722-9E0C-4384-8EF9-836829A9B947}.Release|Any CPU.Deploy.0 = Release|Any CPU
		{24A91C74-CDB2-4862-B2BC-056FEBFD918A}.Debug|Any CPU.ActiveCfg = Debug|Any CPU
		{24A91C74-CDB2-4862-B2BC-056FEBFD918A}.Debug|Any CPU.Build.0 = Debug|Any CPU
		{24A91C74-CDB2-4862-B2BC-056FEBFD918A}.Debug|Any CPU.Deploy.0 = Debug|Any CPU
		{24A91C74-CDB2-4862-B2BC-056FEBFD918A}.Release|Any CPU.ActiveCfg = Release|Any CPU
		{24A91C74-CDB2-4862-B2BC-056FEBFD918A}.Release|Any CPU.Build.0 = Release|Any CPU
		{24A91C74-CDB2-4862-B2BC-056FEBFD918A}.Release|Any CPU.Deploy.0 = Release|Any CPU
		{18BD66B7-E176-406C-833B-D4B9AE77974E}.Debug|Any CPU.ActiveCfg = Debug|Any CPU
		{18BD66B7-E176-406C-833B-D4B9AE77974E}.Debug|Any CPU.Build.0 = Debug|Any CPU
		{18BD66B7-E176-406C-833B-D4B9AE77974E}.Debug|Any CPU.Deploy.0 = Debug|Any CPU
		{18BD66B7-E176-406C-833B-D4B9AE77974E}.Release|Any CPU.ActiveCfg = Release|Any CPU
		{18BD66B7-E176-406C-833B-D4B9AE77974E}.Release|Any CPU.Build.0 = Release|Any CPU
		{18BD66B7-E176-406C-833B-D4B9AE77974E}.Release|Any CPU.Deploy.0 = Release|Any CPU
		{4202AFFA-A382-4949-89BE-D485BF773577}.Debug|Any CPU.ActiveCfg = Debug|Any CPU
		{4202AFFA-A382-4949-89BE-D485BF773577}.Debug|Any CPU.Build.0 = Debug|Any CPU
		{4202AFFA-A382-4949-89BE-D485BF773577}.Debug|Any CPU.Deploy.0 = Debug|Any CPU
		{4202AFFA-A382-4949-89BE-D485BF773577}.Release|Any CPU.ActiveCfg = Release|Any CPU
		{4202AFFA-A382-4949-89BE-D485BF773577}.Release|Any CPU.Build.0 = Release|Any CPU
		{4202AFFA-A382-4949-89BE-D485BF773577}.Release|Any CPU.Deploy.0 = Release|Any CPU
		{668DB628-21FE-4550-B528-A476ACA9A868}.Debug|Any CPU.ActiveCfg = Debug|Any CPU
		{668DB628-21FE-4550-B528-A476ACA9A868}.Debug|Any CPU.Build.0 = Debug|Any CPU
		{668DB628-21FE-4550-B528-A476ACA9A868}.Debug|Any CPU.Deploy.0 = Debug|Any CPU
		{668DB628-21FE-4550-B528-A476ACA9A868}.Release|Any CPU.ActiveCfg = Release|Any CPU
		{668DB628-21FE-4550-B528-A476ACA9A868}.Release|Any CPU.Build.0 = Release|Any CPU
		{668DB628-21FE-4550-B528-A476ACA9A868}.Release|Any CPU.Deploy.0 = Release|Any CPU
		{212C5E60-9749-42ED-8965-EDCFCAD0D90B}.Debug|Any CPU.ActiveCfg = Debug|Any CPU
		{212C5E60-9749-42ED-8965-EDCFCAD0D90B}.Debug|Any CPU.Build.0 = Debug|Any CPU
		{212C5E60-9749-42ED-8965-EDCFCAD0D90B}.Debug|Any CPU.Deploy.0 = Debug|Any CPU
		{212C5E60-9749-42ED-8965-EDCFCAD0D90B}.Release|Any CPU.ActiveCfg = Release|Any CPU
		{212C5E60-9749-42ED-8965-EDCFCAD0D90B}.Release|Any CPU.Build.0 = Release|Any CPU
		{212C5E60-9749-42ED-8965-EDCFCAD0D90B}.Release|Any CPU.Deploy.0 = Release|Any CPU
		{399C73DE-07B2-4C03-9580-9C9FD2C6BBFD}.Debug|Any CPU.ActiveCfg = Debug|Any CPU
		{399C73DE-07B2-4C03-9580-9C9FD2C6BBFD}.Debug|Any CPU.Build.0 = Debug|Any CPU
		{399C73DE-07B2-4C03-9580-9C9FD2C6BBFD}.Debug|Any CPU.Deploy.0 = Debug|Any CPU
		{399C73DE-07B2-4C03-9580-9C9FD2C6BBFD}.Release|Any CPU.ActiveCfg = Release|Any CPU
		{399C73DE-07B2-4C03-9580-9C9FD2C6BBFD}.Release|Any CPU.Build.0 = Release|Any CPU
		{399C73DE-07B2-4C03-9580-9C9FD2C6BBFD}.Release|Any CPU.Deploy.0 = Release|Any CPU
		{34DF66B4-E462-4BB9-9C9B-BA062A1A4485}.Debug|Any CPU.ActiveCfg = Debug|Any CPU
		{34DF66B4-E462-4BB9-9C9B-BA062A1A4485}.Debug|Any CPU.Build.0 = Debug|Any CPU
		{34DF66B4-E462-4BB9-9C9B-BA062A1A4485}.Debug|Any CPU.Deploy.0 = Debug|Any CPU
		{34DF66B4-E462-4BB9-9C9B-BA062A1A4485}.Release|Any CPU.ActiveCfg = Release|Any CPU
		{34DF66B4-E462-4BB9-9C9B-BA062A1A4485}.Release|Any CPU.Build.0 = Release|Any CPU
		{34DF66B4-E462-4BB9-9C9B-BA062A1A4485}.Release|Any CPU.Deploy.0 = Release|Any CPU
		{070DCAD5-4235-4ED0-BEE1-4D26A1D08D19}.Debug|Any CPU.ActiveCfg = Debug|Any CPU
		{070DCAD5-4235-4ED0-BEE1-4D26A1D08D19}.Debug|Any CPU.Build.0 = Debug|Any CPU
		{070DCAD5-4235-4ED0-BEE1-4D26A1D08D19}.Debug|Any CPU.Deploy.0 = Debug|Any CPU
		{070DCAD5-4235-4ED0-BEE1-4D26A1D08D19}.Release|Any CPU.ActiveCfg = Release|Any CPU
		{070DCAD5-4235-4ED0-BEE1-4D26A1D08D19}.Release|Any CPU.Build.0 = Release|Any CPU
		{070DCAD5-4235-4ED0-BEE1-4D26A1D08D19}.Release|Any CPU.Deploy.0 = Release|Any CPU
		{3CB79750-D996-4420-94CD-500CA66F85BC}.Debug|Any CPU.ActiveCfg = Debug|Any CPU
		{3CB79750-D996-4420-94CD-500CA66F85BC}.Debug|Any CPU.Build.0 = Debug|Any CPU
		{3CB79750-D996-4420-94CD-500CA66F85BC}.Debug|Any CPU.Deploy.0 = Debug|Any CPU
		{3CB79750-D996-4420-94CD-500CA66F85BC}.Release|Any CPU.ActiveCfg = Release|Any CPU
		{3CB79750-D996-4420-94CD-500CA66F85BC}.Release|Any CPU.Build.0 = Release|Any CPU
		{3CB79750-D996-4420-94CD-500CA66F85BC}.Release|Any CPU.Deploy.0 = Release|Any CPU
		{405A7D5E-0A8A-4691-8450-AAC47FBE0BEC}.Debug|Any CPU.ActiveCfg = Debug|Any CPU
		{405A7D5E-0A8A-4691-8450-AAC47FBE0BEC}.Debug|Any CPU.Build.0 = Debug|Any CPU
		{405A7D5E-0A8A-4691-8450-AAC47FBE0BEC}.Debug|Any CPU.Deploy.0 = Debug|Any CPU
		{405A7D5E-0A8A-4691-8450-AAC47FBE0BEC}.Release|Any CPU.ActiveCfg = Release|Any CPU
		{405A7D5E-0A8A-4691-8450-AAC47FBE0BEC}.Release|Any CPU.Build.0 = Release|Any CPU
		{405A7D5E-0A8A-4691-8450-AAC47FBE0BEC}.Release|Any CPU.Deploy.0 = Release|Any CPU
		{BD4B2D82-4418-4740-8CCE-5090D5750B54}.Debug|Any CPU.ActiveCfg = Debug|Any CPU
		{BD4B2D82-4418-4740-8CCE-5090D5750B54}.Debug|Any CPU.Build.0 = Debug|Any CPU
		{BD4B2D82-4418-4740-8CCE-5090D5750B54}.Debug|Any CPU.Deploy.0 = Debug|Any CPU
		{BD4B2D82-4418-4740-8CCE-5090D5750B54}.Release|Any CPU.ActiveCfg = Release|Any CPU
		{BD4B2D82-4418-4740-8CCE-5090D5750B54}.Release|Any CPU.Build.0 = Release|Any CPU
		{BD4B2D82-4418-4740-8CCE-5090D5750B54}.Release|Any CPU.Deploy.0 = Release|Any CPU
		{43B4C4F1-7708-4810-AB12-B6FA58BDFC38}.Debug|Any CPU.ActiveCfg = Debug|Any CPU
		{43B4C4F1-7708-4810-AB12-B6FA58BDFC38}.Debug|Any CPU.Build.0 = Debug|Any CPU
		{43B4C4F1-7708-4810-AB12-B6FA58BDFC38}.Debug|Any CPU.Deploy.0 = Debug|Any CPU
		{43B4C4F1-7708-4810-AB12-B6FA58BDFC38}.Release|Any CPU.ActiveCfg = Release|Any CPU
		{43B4C4F1-7708-4810-AB12-B6FA58BDFC38}.Release|Any CPU.Build.0 = Release|Any CPU
		{43B4C4F1-7708-4810-AB12-B6FA58BDFC38}.Release|Any CPU.Deploy.0 = Release|Any CPU
		{5D7E5456-DAB7-42C1-8D7C-7C78D2452E1A}.Debug|Any CPU.ActiveCfg = Debug|Any CPU
		{5D7E5456-DAB7-42C1-8D7C-7C78D2452E1A}.Debug|Any CPU.Build.0 = Debug|Any CPU
		{5D7E5456-DAB7-42C1-8D7C-7C78D2452E1A}.Debug|Any CPU.Deploy.0 = Debug|Any CPU
		{5D7E5456-DAB7-42C1-8D7C-7C78D2452E1A}.Release|Any CPU.ActiveCfg = Release|Any CPU
		{5D7E5456-DAB7-42C1-8D7C-7C78D2452E1A}.Release|Any CPU.Build.0 = Release|Any CPU
		{5D7E5456-DAB7-42C1-8D7C-7C78D2452E1A}.Release|Any CPU.Deploy.0 = Release|Any CPU
		{74CD706C-0C37-4903-83F1-305BFB840182}.Debug|Any CPU.ActiveCfg = Debug|Any CPU
		{74CD706C-0C37-4903-83F1-305BFB840182}.Debug|Any CPU.Build.0 = Debug|Any CPU
		{74CD706C-0C37-4903-83F1-305BFB840182}.Debug|Any CPU.Deploy.0 = Debug|Any CPU
		{74CD706C-0C37-4903-83F1-305BFB840182}.Release|Any CPU.ActiveCfg = Release|Any CPU
		{74CD706C-0C37-4903-83F1-305BFB840182}.Release|Any CPU.Build.0 = Release|Any CPU
		{74CD706C-0C37-4903-83F1-305BFB840182}.Release|Any CPU.Deploy.0 = Release|Any CPU
		{D57EE697-9AB7-4968-B84E-5F7511EF9DF8}.Debug|Any CPU.ActiveCfg = Debug|Any CPU
		{D57EE697-9AB7-4968-B84E-5F7511EF9DF8}.Debug|Any CPU.Build.0 = Debug|Any CPU
		{D57EE697-9AB7-4968-B84E-5F7511EF9DF8}.Debug|Any CPU.Deploy.0 = Debug|Any CPU
		{D57EE697-9AB7-4968-B84E-5F7511EF9DF8}.Release|Any CPU.ActiveCfg = Release|Any CPU
		{D57EE697-9AB7-4968-B84E-5F7511EF9DF8}.Release|Any CPU.Build.0 = Release|Any CPU
		{D57EE697-9AB7-4968-B84E-5F7511EF9DF8}.Release|Any CPU.Deploy.0 = Release|Any CPU
		{AF93C4B4-6464-4554-9484-23973EF89D3F}.Debug|Any CPU.ActiveCfg = Debug|Any CPU
		{AF93C4B4-6464-4554-9484-23973EF89D3F}.Debug|Any CPU.Build.0 = Debug|Any CPU
		{AF93C4B4-6464-4554-9484-23973EF89D3F}.Debug|Any CPU.Deploy.0 = Debug|Any CPU
		{AF93C4B4-6464-4554-9484-23973EF89D3F}.Release|Any CPU.ActiveCfg = Release|Any CPU
		{AF93C4B4-6464-4554-9484-23973EF89D3F}.Release|Any CPU.Build.0 = Release|Any CPU
		{AF93C4B4-6464-4554-9484-23973EF89D3F}.Release|Any CPU.Deploy.0 = Release|Any CPU
		{3E4592EF-969F-4E86-90FC-11B1E131D5D4}.Debug|Any CPU.ActiveCfg = Debug|Any CPU
		{3E4592EF-969F-4E86-90FC-11B1E131D5D4}.Debug|Any CPU.Build.0 = Debug|Any CPU
		{3E4592EF-969F-4E86-90FC-11B1E131D5D4}.Debug|Any CPU.Deploy.0 = Debug|Any CPU
		{3E4592EF-969F-4E86-90FC-11B1E131D5D4}.Release|Any CPU.ActiveCfg = Release|Any CPU
		{3E4592EF-969F-4E86-90FC-11B1E131D5D4}.Release|Any CPU.Build.0 = Release|Any CPU
		{3E4592EF-969F-4E86-90FC-11B1E131D5D4}.Release|Any CPU.Deploy.0 = Release|Any CPU
		{7CAED205-4DD5-49FE-BFC8-581091D0027C}.Debug|Any CPU.ActiveCfg = Debug|Any CPU
		{7CAED205-4DD5-49FE-BFC8-581091D0027C}.Debug|Any CPU.Build.0 = Debug|Any CPU
		{7CAED205-4DD5-49FE-BFC8-581091D0027C}.Debug|Any CPU.Deploy.0 = Debug|Any CPU
		{7CAED205-4DD5-49FE-BFC8-581091D0027C}.Release|Any CPU.ActiveCfg = Release|Any CPU
		{7CAED205-4DD5-49FE-BFC8-581091D0027C}.Release|Any CPU.Build.0 = Release|Any CPU
		{7CAED205-4DD5-49FE-BFC8-581091D0027C}.Release|Any CPU.Deploy.0 = Release|Any CPU
		{9A5463A1-8F2C-4D11-9ED2-4E67AEF683B0}.Debug|Any CPU.ActiveCfg = Debug|Any CPU
		{9A5463A1-8F2C-4D11-9ED2-4E67AEF683B0}.Debug|Any CPU.Build.0 = Debug|Any CPU
		{9A5463A1-8F2C-4D11-9ED2-4E67AEF683B0}.Debug|Any CPU.Deploy.0 = Debug|Any CPU
		{9A5463A1-8F2C-4D11-9ED2-4E67AEF683B0}.Release|Any CPU.ActiveCfg = Release|Any CPU
		{9A5463A1-8F2C-4D11-9ED2-4E67AEF683B0}.Release|Any CPU.Build.0 = Release|Any CPU
		{9A5463A1-8F2C-4D11-9ED2-4E67AEF683B0}.Release|Any CPU.Deploy.0 = Release|Any CPU
		{08F79ED3-6973-4A5A-AF25-F59F126195E7}.Debug|Any CPU.ActiveCfg = Debug|Any CPU
		{08F79ED3-6973-4A5A-AF25-F59F126195E7}.Debug|Any CPU.Build.0 = Debug|Any CPU
		{08F79ED3-6973-4A5A-AF25-F59F126195E7}.Debug|Any CPU.Deploy.0 = Debug|Any CPU
		{08F79ED3-6973-4A5A-AF25-F59F126195E7}.Release|Any CPU.ActiveCfg = Release|Any CPU
		{08F79ED3-6973-4A5A-AF25-F59F126195E7}.Release|Any CPU.Build.0 = Release|Any CPU
		{08F79ED3-6973-4A5A-AF25-F59F126195E7}.Release|Any CPU.Deploy.0 = Release|Any CPU
		{358E1D22-EA8E-488B-A70C-8C641D56A01A}.Debug|Any CPU.ActiveCfg = Debug|Any CPU
		{358E1D22-EA8E-488B-A70C-8C641D56A01A}.Debug|Any CPU.Build.0 = Debug|Any CPU
		{358E1D22-EA8E-488B-A70C-8C641D56A01A}.Debug|Any CPU.Deploy.0 = Debug|Any CPU
		{358E1D22-EA8E-488B-A70C-8C641D56A01A}.Release|Any CPU.ActiveCfg = Release|Any CPU
		{358E1D22-EA8E-488B-A70C-8C641D56A01A}.Release|Any CPU.Build.0 = Release|Any CPU
		{358E1D22-EA8E-488B-A70C-8C641D56A01A}.Release|Any CPU.Deploy.0 = Release|Any CPU
		{96801F32-B504-446B-9CE8-8524254BE1E5}.Debug|Any CPU.ActiveCfg = Debug|Any CPU
		{96801F32-B504-446B-9CE8-8524254BE1E5}.Debug|Any CPU.Build.0 = Debug|Any CPU
		{96801F32-B504-446B-9CE8-8524254BE1E5}.Debug|Any CPU.Deploy.0 = Debug|Any CPU
		{96801F32-B504-446B-9CE8-8524254BE1E5}.Release|Any CPU.ActiveCfg = Release|Any CPU
		{96801F32-B504-446B-9CE8-8524254BE1E5}.Release|Any CPU.Build.0 = Release|Any CPU
		{96801F32-B504-446B-9CE8-8524254BE1E5}.Release|Any CPU.Deploy.0 = Release|Any CPU
		{B3401737-CA2B-4F3E-A378-FE0AB9365319}.Debug|Any CPU.ActiveCfg = Debug|Any CPU
		{B3401737-CA2B-4F3E-A378-FE0AB9365319}.Debug|Any CPU.Build.0 = Debug|Any CPU
		{B3401737-CA2B-4F3E-A378-FE0AB9365319}.Debug|Any CPU.Deploy.0 = Debug|Any CPU
		{B3401737-CA2B-4F3E-A378-FE0AB9365319}.Release|Any CPU.ActiveCfg = Release|Any CPU
		{B3401737-CA2B-4F3E-A378-FE0AB9365319}.Release|Any CPU.Build.0 = Release|Any CPU
		{B3401737-CA2B-4F3E-A378-FE0AB9365319}.Release|Any CPU.Deploy.0 = Release|Any CPU
		{AD7D599C-7A11-4B9B-941D-AF7B857996EE}.Debug|Any CPU.ActiveCfg = Debug|Any CPU
		{AD7D599C-7A11-4B9B-941D-AF7B857996EE}.Debug|Any CPU.Build.0 = Debug|Any CPU
		{AD7D599C-7A11-4B9B-941D-AF7B857996EE}.Debug|Any CPU.Deploy.0 = Debug|Any CPU
		{AD7D599C-7A11-4B9B-941D-AF7B857996EE}.Release|Any CPU.ActiveCfg = Release|Any CPU
		{AD7D599C-7A11-4B9B-941D-AF7B857996EE}.Release|Any CPU.Build.0 = Release|Any CPU
		{AD7D599C-7A11-4B9B-941D-AF7B857996EE}.Release|Any CPU.Deploy.0 = Release|Any CPU
		{F0899D5A-F618-4A36-AAE8-D859118C9E70}.Debug|Any CPU.ActiveCfg = Debug|Any CPU
		{F0899D5A-F618-4A36-AAE8-D859118C9E70}.Debug|Any CPU.Build.0 = Debug|Any CPU
		{F0899D5A-F618-4A36-AAE8-D859118C9E70}.Debug|Any CPU.Deploy.0 = Debug|Any CPU
		{F0899D5A-F618-4A36-AAE8-D859118C9E70}.Release|Any CPU.ActiveCfg = Release|Any CPU
		{F0899D5A-F618-4A36-AAE8-D859118C9E70}.Release|Any CPU.Build.0 = Release|Any CPU
		{F0899D5A-F618-4A36-AAE8-D859118C9E70}.Release|Any CPU.Deploy.0 = Release|Any CPU
	EndGlobalSection
	GlobalSection(SolutionProperties) = preSolution
		HideSolutionNode = FALSE
	EndGlobalSection
	GlobalSection(NestedProjects) = preSolution
		{66F92205-B37D-490C-9682-CE84DBB878A6} = {CAC64CB0-E038-4186-AC6D-DAEF4242C87B}
		{3EC61240-7931-4EE8-BD26-B648FB6FBD6D} = {CAC64CB0-E038-4186-AC6D-DAEF4242C87B}
		{F9B78A39-B1C8-4DA7-9112-579AEF49AA08} = {CAC64CB0-E038-4186-AC6D-DAEF4242C87B}
		{9580DA02-EFAD-4081-B60E-8A200B248BC1} = {CAC64CB0-E038-4186-AC6D-DAEF4242C87B}
		{150FDA72-763C-4E67-A4C3-21B024F9F705} = {CAC64CB0-E038-4186-AC6D-DAEF4242C87B}
		{C4242722-9E0C-4384-8EF9-836829A9B947} = {E50DAA90-F76D-49B6-8AE2-94DB79589AB5}
		{24A91C74-CDB2-4862-B2BC-056FEBFD918A} = {B1C3E8F8-3B6A-435A-A93A-0F6EC9ECCFAF}
		{18BD66B7-E176-406C-833B-D4B9AE77974E} = {B1C3E8F8-3B6A-435A-A93A-0F6EC9ECCFAF}
		{4202AFFA-A382-4949-89BE-D485BF773577} = {B1C3E8F8-3B6A-435A-A93A-0F6EC9ECCFAF}
		{668DB628-21FE-4550-B528-A476ACA9A868} = {B1C3E8F8-3B6A-435A-A93A-0F6EC9ECCFAF}
		{212C5E60-9749-42ED-8965-EDCFCAD0D90B} = {B1C3E8F8-3B6A-435A-A93A-0F6EC9ECCFAF}
		{399C73DE-07B2-4C03-9580-9C9FD2C6BBFD} = {B1C3E8F8-3B6A-435A-A93A-0F6EC9ECCFAF}
		{34DF66B4-E462-4BB9-9C9B-BA062A1A4485} = {B1C3E8F8-3B6A-435A-A93A-0F6EC9ECCFAF}
		{070DCAD5-4235-4ED0-BEE1-4D26A1D08D19} = {B1C3E8F8-3B6A-435A-A93A-0F6EC9ECCFAF}
		{3CB79750-D996-4420-94CD-500CA66F85BC} = {B1C3E8F8-3B6A-435A-A93A-0F6EC9ECCFAF}
		{405A7D5E-0A8A-4691-8450-AAC47FBE0BEC} = {B1C3E8F8-3B6A-435A-A93A-0F6EC9ECCFAF}
		{BD4B2D82-4418-4740-8CCE-5090D5750B54} = {B1C3E8F8-3B6A-435A-A93A-0F6EC9ECCFAF}
		{43B4C4F1-7708-4810-AB12-B6FA58BDFC38} = {B1C3E8F8-3B6A-435A-A93A-0F6EC9ECCFAF}
		{5D7E5456-DAB7-42C1-8D7C-7C78D2452E1A} = {B1C3E8F8-3B6A-435A-A93A-0F6EC9ECCFAF}
		{74CD706C-0C37-4903-83F1-305BFB840182} = {B1C3E8F8-3B6A-435A-A93A-0F6EC9ECCFAF}
		{D57EE697-9AB7-4968-B84E-5F7511EF9DF8} = {B1C3E8F8-3B6A-435A-A93A-0F6EC9ECCFAF}
		{AF93C4B4-6464-4554-9484-23973EF89D3F} = {B1C3E8F8-3B6A-435A-A93A-0F6EC9ECCFAF}
		{3E4592EF-969F-4E86-90FC-11B1E131D5D4} = {B1C3E8F8-3B6A-435A-A93A-0F6EC9ECCFAF}
		{7CAED205-4DD5-49FE-BFC8-581091D0027C} = {B1C3E8F8-3B6A-435A-A93A-0F6EC9ECCFAF}
		{9A5463A1-8F2C-4D11-9ED2-4E67AEF683B0} = {B1C3E8F8-3B6A-435A-A93A-0F6EC9ECCFAF}
		{08F79ED3-6973-4A5A-AF25-F59F126195E7} = {B1C3E8F8-3B6A-435A-A93A-0F6EC9ECCFAF}
		{358E1D22-EA8E-488B-A70C-8C641D56A01A} = {B1C3E8F8-3B6A-435A-A93A-0F6EC9ECCFAF}
		{96801F32-B504-446B-9CE8-8524254BE1E5} = {B1C3E8F8-3B6A-435A-A93A-0F6EC9ECCFAF}
		{B3401737-CA2B-4F3E-A378-FE0AB9365319} = {B1C3E8F8-3B6A-435A-A93A-0F6EC9ECCFAF}
		{AD7D599C-7A11-4B9B-941D-AF7B857996EE} = {B1C3E8F8-3B6A-435A-A93A-0F6EC9ECCFAF}
		{F0899D5A-F618-4A36-AAE8-D859118C9E70} = {B1C3E8F8-3B6A-435A-A93A-0F6EC9ECCFAF}
	EndGlobalSection
	GlobalSection(ExtensibilityGlobals) = postSolution
		SolutionGuid = {10FA7F4A-2FF2-4696-8B12-DD0B9C978890}
	EndGlobalSection
EndGlobal
